
Microsoft Visual Studio Solution File, Format Version 12.00
# Visual Studio 15
Project("{FAE04EC0-301F-11D3-BF4B-00C04F79EFBC}") = "com.zframework.io", "com.zframework.io.csproj", "{61EDFAC3-3E93-19B0-282C-79C72AF9FCDA}"
EndProject
Project("{FAE04EC0-301F-11D3-BF4B-00C04F79EFBC}") = "Assembly-CSharp", "Assembly-CSharp.csproj", "{306B9622-6474-0D19-83D7-B08F35872B12}"
EndProject
Project("{FAE04EC0-301F-11D3-BF4B-00C04F79EFBC}") = "Spine.Runtime", "Spine.Runtime.csproj", "{E3528B76-0A3A-0237-1FDC-459AC3EC6E2C}"
EndProject
Project("{FAE04EC0-301F-11D3-BF4B-00C04F79EFBC}") = "Assembly-CSharp-firstpass", "Assembly-CSharp-firstpass.csproj", "{CFD6551D-ADBB-2CA4-C42E-5A2BD0FD1EE8}"
EndProject
Project("{FAE04EC0-301F-11D3-BF4B-00C04F79EFBC}") = "Assembly-CSharp-Editor", "Assembly-CSharp-Editor.csproj", "{B4DC8A62-8A37-2E51-199D-E11C6511AD91}"
EndProject
Project("{FAE04EC0-301F-11D3-BF4B-00C04F79EFBC}") = "Spine.Editor", "Spine.Editor.csproj", "{1BF5593F-470C-597F-C898-6A16E68E6078}"
EndProject
Global
	GlobalSection(SolutionConfigurationPlatforms) = preSolution
		Debug|Any CPU = Debug|Any CPU
		Release|Any CPU = Release|Any CPU
	EndGlobalSection
	GlobalSection(ProjectConfigurationPlatforms) = postSolution
		{61EDFAC3-3E93-19B0-282C-79C72AF9FCDA}.Debug|Any CPU.ActiveCfg = Debug|Any CPU
		{61EDFAC3-3E93-19B0-282C-79C72AF9FCDA}.Debug|Any CPU.Build.0 = Debug|Any CPU
		{61EDFAC3-3E93-19B0-282C-79C72AF9FCDA}.Release|Any CPU.ActiveCfg = Release|Any CPU
		{61EDFAC3-3E93-19B0-282C-79C72AF9FCDA}.Release|Any CPU.Build.0 = Release|Any CPU
		{306B9622-6474-0D19-83D7-B08F35872B12}.Debug|Any CPU.ActiveCfg = Debug|Any CPU
		{306B9622-6474-0D19-83D7-B08F35872B12}.Debug|Any CPU.Build.0 = Debug|Any CPU
		{306B9622-6474-0D19-83D7-B08F35872B12}.Release|Any CPU.ActiveCfg = Release|Any CPU
		{306B9622-6474-0D19-83D7-B08F35872B12}.Release|Any CPU.Build.0 = Release|Any CPU
		{E3528B76-0A3A-0237-1FDC-459AC3EC6E2C}.Debug|Any CPU.ActiveCfg = Debug|Any CPU
		{E3528B76-0A3A-0237-1FDC-459AC3EC6E2C}.Debug|Any CPU.Build.0 = Debug|Any CPU
		{E3528B76-0A3A-0237-1FDC-459AC3EC6E2C}.Release|Any CPU.ActiveCfg = Release|Any CPU
		{E3528B76-0A3A-0237-1FDC-459AC3EC6E2C}.Release|Any CPU.Build.0 = Release|Any CPU
		{CFD6551D-ADBB-2CA4-C42E-5A2BD0FD1EE8}.Debug|Any CPU.ActiveCfg = Debug|Any CPU
		{CFD6551D-ADBB-2CA4-C42E-5A2BD0FD1EE8}.Debug|Any CPU.Build.0 = Debug|Any CPU
		{CFD6551D-ADBB-2CA4-C42E-5A2BD0FD1EE8}.Release|Any CPU.ActiveCfg = Release|Any CPU
		{CFD6551D-ADBB-2CA4-C42E-5A2BD0FD1EE8}.Release|Any CPU.Build.0 = Release|Any CPU
		{B4DC8A62-8A37-2E51-199D-E11C6511AD91}.Debug|Any CPU.ActiveCfg = Debug|Any CPU
		{B4DC8A62-8A37-2E51-199D-E11C6511AD91}.Debug|Any CPU.Build.0 = Debug|Any CPU
		{B4DC8A62-8A37-2E51-199D-E11C6511AD91}.Release|Any CPU.ActiveCfg = Release|Any CPU
		{B4DC8A62-8A37-2E51-199D-E11C6511AD91}.Release|Any CPU.Build.0 = Release|Any CPU
		{1BF5593F-470C-597F-C898-6A16E68E6078}.Debug|Any CPU.ActiveCfg = Debug|Any CPU
		{1BF5593F-470C-597F-C898-6A16E68E6078}.Debug|Any CPU.Build.0 = Debug|Any CPU
		{1BF5593F-470C-597F-C898-6A16E68E6078}.Release|Any CPU.ActiveCfg = Release|Any CPU
		{1BF5593F-470C-597F-C898-6A16E68E6078}.Release|Any CPU.Build.0 = Release|Any CPU
	EndGlobalSection
	GlobalSection(SolutionProperties) = preSolution
		HideSolutionNode = FALSE
	EndGlobalSection
EndGlobal
